{
  "nodes": {
    "base16": {
      "inputs": {
        "fromYaml": "fromYaml"
      },
      "locked": {
        "lastModified": 1755819240,
        "narHash": "sha256-qcMhnL7aGAuFuutH4rq9fvAhCpJWVHLcHVZLtPctPlo=",
        "owner": "SenchoPens",
        "repo": "base16.nix",
        "rev": "75ed5e5e3fce37df22e49125181fa37899c3ccd6",
        "type": "github"
      },
      "original": {
        "owner": "SenchoPens",
        "repo": "base16.nix",
        "type": "github"
      }
    },
    "disko": {
      "inputs": {
        "nixpkgs": [
          "nixpkgs"
        ]
      },
      "locked": {
        "lastModified": 1789770686,
        "narHash": "sha256-uZkBR7yHdIKUFB5SZdfgh1qkGfI3XmYmI/lTiquxbck=",
        "owner": "nix-community",
        "repo": "disko",
        "rev": "725ea35e410ad83be4931d1bff7e090eacaf3563",
        "type": "github"
      },
      "original": {
        "owner": "nix-community",
        "repo": "disko",
        "type": "github"
      }
    },
    "drugtracker2": {
      "inputs": {
        "niceHaskell": [
          "niceHaskell"
        ],
        "nixpkgs": [
          "nixpkgs"
        ],
        "systems": [
          "systems"
        ],
        "treefmt-nix": [
          "treefmt-nix"
        ]
      },
      "locked": {
        "lastModified": 1772446847,
        "narHash": "sha256-A9rYeyZOXJvB5QKOlFcEjyz2aZErYDQqz6FOasHTe4M=",
        "owner": "saygo-png",
        "repo": "drugTracker2",
        "rev": "d5e652461e73596554a452ae1fd1fc51b9a3163c",
        "type": "github"
      },
      "original": {
        "owner": "saygo-png",
        "repo": "drugTracker2",
        "type": "github"
      }
    },
    "extras-nixos": {
      "flake": false,
      "locked": {
        "lastModified": 1782347065,
        "narHash": "sha256-U7ktMDJzonqhNmNez7hEU4/JVbVlyyxzXn3VR+wiyHk=",
        "owner": "saygo-png",
        "repo": "extrasNixos",
        "rev": "4c70af0cd80cb458cfda5b42cfe549488ede6727",
        "type": "github"
      },
      "original": {
        "owner": "saygo-png",
        "repo": "extrasNixos",
        "type": "github"
      }
    },
    "firefox-addons": {
      "inputs": {
        "nixpkgs": [
          "nixpkgs"
        ]
      },
      "locked": {
        "dir": "pkgs/firefox-addons",
        "lastModified": 1790136153,
        "narHash": "sha256-hLMo0LbkS0su6U5D1ciIoB49azLTRy/UqHaX4Z+Tzrc=",
        "owner": "rycee",
        "repo": "nur-expressions",
        "rev": "bd692aa479d856e65497faf8ca3f541aaaf76242",
        "type": "gitlab"
      },
      "original": {
        "dir": "pkgs/firefox-addons",
        "owner": "rycee",
        "repo": "nur-expressions",
        "type": "gitlab"
      }
    },
    "firefox-onebar": {
      "flake": false,
      "locked": {
        "lastModified": 1774470199,
        "narHash": "sha256-1/ADzlvrtkSeuh4Cv+IfuMxdVAA5kXyJIOtFSk1Lacs=",
        "ref": "refs/heads/waf",
        "rev": "cf1ddf9ba1b2e417e1db8b7c5aac4bb0ef0c699a",
        "revCount": 64,
        "type": "git",
        "url": "https://git.gay/freeplay/Firefox-Onebar.git"
      },
      "original": {
        "type": "git",
        "url": "https://git.gay/freeplay/Firefox-Onebar.git"
      }
    },
    "flake-parts": {
      "inputs": {
        "nixpkgs-lib": [
          "neovim-config",
          "nixvim",
          "nixpkgs"
        ]
      },
      "locked": {
        "lastModified": 1788450739,
        "narHash": "sha256-glZLQlzIn1fXH6PazR2iUmTo7kzzyYSshrWhLS9TqCU=",
        "owner": "hercules-ci",
        "repo": "flake-parts",
        "rev": "31729ca8cbdb4fa927b34e5f4353e6a83f39e993",
        "type": "github"
      },
      "original": {
        "owner": "hercules-ci",
        "repo": "flake-parts",
        "type": "github"
      }
    },
    "flake-parts_2": {
      "inputs": {
        "nixpkgs-lib": [
          "stylix",
          "nixpkgs"
        ]
      },
      "locked": {
        "lastModified": 1782949081,
        "narHash": "sha256-vp6Y/Grm98ESt6ceOkWiHWyZRDV3J1RID4w+6NWK9yA=",
        "owner": "hercules-ci",
        "repo": "flake-parts",
        "rev": "17c9d6cdfc60c64f4ee8d306f9bc0b4ccb51481e",
        "type": "github"
      },
      "original": {
        "owner": "hercules-ci",
        "repo": "flake-parts",
        "type": "github"
      }
    },
    "format-udf": {
      "flake": false,
      "locked": {
        "lastModified": 1697473321,
        "narHash": "sha256-fmr9wYfh9keNk57kM+zt1JFuEeFocBIl30ccV0x27CE=",
        "owner": "JElchison",
        "repo": "format-udf",
        "rev": "a7b6067126d7e22fb179a50424cc904461da53bb",
        "type": "github"
      },
      "original": {
        "owner": "JElchison",
        "repo": "format-udf",
        "type": "github"
      }
    },
    "fromYaml": {
      "flake": false,
      "locked": {
        "lastModified": 1731966426,
        "narHash": "sha256-lq95WydhbUTWig/JpqiB7oViTcHFP8Lv41IGtayokA8=",
        "owner": "SenchoPens",
        "repo": "fromYaml",
        "rev": "106af9e2f715e2d828df706c386a685698f3223b",
        "type": "github"
      },
      "original": {
        "owner": "SenchoPens",
        "repo": "fromYaml",
        "type": "github"
      }
    },
    "gnome-shell": {
      "flake": false,
      "locked": {
        "host": "gitlab.gnome.org",
        "lastModified": 1776175984,
        "narHash": "sha256-RJFlFW8GiMei6oqUGrMkGEvVqOH8U7Q8abc1yK4VKD8=",
        "owner": "GNOME",
        "repo": "gnome-shell",
        "rev": "e0fdc4c13250e9a9b8ea9594c83925274f4a5dca",
        "type": "gitlab"
      },
      "original": {
        "host": "gitlab.gnome.org",
        "owner": "GNOME",
        "ref": "50.1",
        "repo": "gnome-shell",
        "type": "gitlab"
      }
    },
    "gruvbox-kvantum": {
      "flake": false,
      "locked": {
        "lastModified": 1696096968,
        "narHash": "sha256-u2J4Zf9HuMjNCt3qVpgEffkytl/t277FzOvWL8Nm8os=",
        "owner": "sachnr",
        "repo": "gruvbox-kvantum-themes",
        "rev": "f47670be407c1f07c64890ad53884ee9977a7db1",
        "type": "github"
      },
      "original": {
        "owner": "sachnr",
        "repo": "gruvbox-kvantum-themes",
        "type": "github"
      }
    },
    "gruvbox-vesktop": {
      "flake": false,
      "locked": {
        "lastModified": 1765634347,
        "narHash": "sha256-lki7VgBl/uFk/0mhXz8UZJzF/A+jwLc2EZBEiECPMFU=",
        "owner": "shvedes",
        "repo": "discord-gruvbox",
        "rev": "1b8e35a1a34fbf1f83e43cc1d9c5424891ea5500",
        "type": "github"
      },
      "original": {
        "owner": "shvedes",
        "repo": "discord-gruvbox",
        "type": "github"
      }
    },
    "home-manager": {
      "inputs": {
        "nixpkgs": [
          "nixpkgs"
        ]
      },
      "locked": {
        "lastModified": 1790128814,
        "narHash": "sha256-6Gm9q+wW3E4Ey4F6wEbJAwaMsEK6hvCYfTW7yY64ZfA=",
        "owner": "nix-community",
        "repo": "home-manager",
        "rev": "0b2f1129177f70c5f0f5d88bb53c49ca47d0bfc0",
        "type": "github"
      },
      "original": {
        "owner": "nix-community",
        "repo": "home-manager",
        "type": "github"
      }
    },
    "impermanence": {
      "inputs": {
        "home-manager": [],
        "nixpkgs": []
      },
      "locked": {
        "lastModified": 1769548169,
        "narHash": "sha256-03+JxvzmfwRu+5JafM0DLbxgHttOQZkUtDWBmeUkN8Y=",
        "owner": "nix-community",
        "repo": "impermanence",
        "rev": "7b1d382faf603b6d264f58627330f9faa5cba149",
        "type": "github"
      },
      "original": {
        "owner": "nix-community",
        "repo": "impermanence",
        "type": "github"
      }
    },
    "neovim-config": {
      "inputs": {
        "nixvim": "nixvim",
        "nvim-plugin-telescope-git-file-history": "nvim-plugin-telescope-git-file-history",
        "systems": [
          "systems"
        ],
        "treefmt-nix": [
          "treefmt-nix"
        ]
      },
      "locked": {
        "lastModified": 1790439191,
        "narHash": "sha256-4YAYs9Esn2z0GZB3PBgA17SCJ+VnANeMF8+HqTCCzj4=",
        "owner": "saygo-png",
        "repo": "neovim-config",
        "rev": "bc0eded73562dc5c7dfa817c90f7ecd4ebf33873",
        "type": "github"
      },
      "original": {
        "owner": "saygo-png",
        "repo": "neovim-config",
        "type": "github"
      }
    },
    "niceHaskell": {
      "inputs": {
        "nixpkgs": [
          "nixpkgs"
        ],
        "systems": [
          "systems"
        ],
        "treefmt-nix": [
          "treefmt-nix"
        ]
      },
      "locked": {
        "lastModified": 1769957634,
        "narHash": "sha256-z3otKLzVNniGJR3mPqYs7MNWTEaTkrhCukJBYv8AIhw=",
        "owner": "saygo-png",
        "repo": "nice-nixpkgs-haskell",
        "rev": "7022cfcd645c4b831716d4a56970feea7caa2906",
        "type": "github"
      },
      "original": {
        "owner": "saygo-png",
        "repo": "nice-nixpkgs-haskell",
        "type": "github"
      }
    },
    "nix-index-database": {
      "inputs": {
        "nixpkgs": [
          "nixpkgs"
        ]
      },
      "locked": {
        "lastModified": 1789892076,
        "narHash": "sha256-Dkg4VKPmDPqTwaiw2WH5br73tXoL1qrOO0xJnR4TlcA=",
        "owner": "nix-community",
        "repo": "nix-index-database",
        "rev": "9ad722673ab3b3f91f02135e53775825b240b869",
        "type": "github"
      },
      "original": {
        "owner": "nix-community",
        "repo": "nix-index-database",
        "type": "github"
      }
    },
    "nixos-hardware": {
      "inputs": {
        "nixpkgs": [
          "nixpkgs"
        ]
      },
      "locked": {
        "lastModified": 1789978172,
        "narHash": "sha256-FIRXajv1pPZ+l6On6ekkmcQ6le0Zi0ncRUoR3nB0vKA=",
        "owner": "nixos",
        "repo": "nixos-hardware",
        "rev": "9ebcb7766700d7e006d9505247bd7ce0426f4232",
        "type": "github"
      },
      "original": {
        "owner": "nixos",
        "repo": "nixos-hardware",
        "type": "github"
      }
    },
    "nixpkgs": {
      "locked": {
        "lastModified": 1789724158,
        "narHash": "sha256-nlKgrm0dsVhOSopKheVBCcOpiIticufPPVLdVOI0euA=",
        "owner": "NixOS",
        "repo": "nixpkgs",
        "rev": "0a3468a402c449992505b6a9fc5b06580141b750",
        "type": "github"
      },
      "original": {
        "owner": "NixOS",
        "ref": "nixpkgs-unstable",
        "repo": "nixpkgs",
        "type": "github"
      }
    },
    "nixpkgs-unstable-frozen": {
      "locked": {
        "lastModified": 1779508470,
        "narHash": "sha256-Ap9KJX+5xHIn3bPIpfNgT6MEXdAECECwo4/rmlQD74M=",
        "owner": "nixos",
        "repo": "nixpkgs",
        "rev": "29916453413845e54a65b8a1cf996842300cd299",
        "type": "github"
      },
      "original": {
        "owner": "nixos",
        "repo": "nixpkgs",
        "rev": "29916453413845e54a65b8a1cf996842300cd299",
        "type": "github"
      }
    },
    "nixpkgs-with-eq10q": {
      "locked": {
        "lastModified": 1786789152,
        "narHash": "sha256-u4BqDoUCIlg9xrYTb/B2suMvc97Trs3ax8O2KYhAAro=",
        "owner": "nixos",
        "repo": "nixpkgs",
        "rev": "05897eedf6c4b6b774c56a8047aeb99a8ded42c5",
        "type": "github"
      },
      "original": {
        "owner": "nixos",
        "repo": "nixpkgs",
        "rev": "05897eedf6c4b6b774c56a8047aeb99a8ded42c5",
        "type": "github"
      }
    },
    "nixpkgs_2": {
      "locked": {
        "lastModified": 1790046670,
        "narHash": "sha256-MYiI+CzL0tuWgRPjGsKCDHqYs2T3OzMlMQWOYWG0qso=",
        "owner": "nixos",
        "repo": "nixpkgs",
        "rev": "6774f7bc253789b113a4f39285dc0fa100abeacc",
        "type": "github"
      },
      "original": {
        "owner": "nixos",
        "ref": "nixos-unstable",
        "repo": "nixpkgs",
        "type": "github"
      }
    },
    "nixvim": {
      "inputs": {
        "flake-parts": "flake-parts",
        "nixpkgs": "nixpkgs",
        "systems": [
          "neovim-config",
          "systems"
        ]
      },
      "locked": {
        "lastModified": 1789961561,
        "narHash": "sha256-2lRgE8XsmXIVmiujmHVaCy5TrBUSblILNT5vYOj/Ed0=",
        "owner": "nix-community",
        "repo": "nixvim",
        "rev": "bcb5f577a36565bda07d7b81346b73cad8618d16",
        "type": "github"
      },
      "original": {
        "owner": "nix-community",
        "repo": "nixvim",
        "type": "github"
      }
    },
    "nvim-plugin-telescope-git-file-history": {
      "flake": false,
      "locked": {
        "lastModified": 1771262458,
        "narHash": "sha256-hNSzpFMbR9RFt/RUCw5sesRpdj+rH3iEuUjI7pf2EA4=",
        "owner": "isak102",
        "repo": "telescope-git-file-history.nvim",
        "rev": "4442114f9257e682e60a8cb6de14cf988e26055c",
        "type": "github"
      },
      "original": {
        "owner": "isak102",
        "repo": "telescope-git-file-history.nvim",
        "type": "github"
      }
    },
    "powerlevel10k": {
      "flake": false,
      "locked": {
        "lastModified": 1788728414,
        "narHash": "sha256-B2Sq/V455mlvMOAv+K7vEyZy53kVdo576ZAMcvbJXgk=",
        "owner": "romkatv",
        "repo": "powerlevel10k",
        "rev": "d05a1b00f9a61f9578bf9dc19b8451942dde8734",
        "type": "github"
      },
      "original": {
        "owner": "romkatv",
        "repo": "powerlevel10k",
        "type": "github"
      }
    },
    "root": {
      "inputs": {
        "disko": "disko",
        "drugtracker2": "drugtracker2",
        "extras-nixos": "extras-nixos",
        "firefox-addons": "firefox-addons",
        "firefox-onebar": "firefox-onebar",
        "format-udf": "format-udf",
        "gruvbox-kvantum": "gruvbox-kvantum",
        "gruvbox-vesktop": "gruvbox-vesktop",
        "home-manager": "home-manager",
        "impermanence": "impermanence",
        "neovim-config": "neovim-config",
        "niceHaskell": "niceHaskell",
        "nix-index-database": "nix-index-database",
        "nixos-hardware": "nixos-hardware",
        "nixpkgs": "nixpkgs_2",
        "nixpkgs-unstable-frozen": "nixpkgs-unstable-frozen",
        "nixpkgs-with-eq10q": "nixpkgs-with-eq10q",
        "powerlevel10k": "powerlevel10k",
        "saywallpaper": "saywallpaper",
        "stylix": "stylix",
        "systems": "systems",
        "treefmt-nix": "treefmt-nix",
        "zlequalizer": "zlequalizer"
      }
    },
    "saywallpaper": {
      "inputs": {
        "niceHaskell": [
          "niceHaskell"
        ],
        "nixpkgs": [
          "nixpkgs"
        ],
        "saywayland": "saywayland",
        "systems": [
          "systems"
        ],
        "treefmt-nix": [
          "treefmt-nix"
        ]
      },
      "locked": {
        "lastModified": 1788271670,
        "narHash": "sha256-QtGI8tnieWblguQyQrp1IzEXxH9giLnS29LoMZLHpjM=",
        "owner": "saygo-png",
        "repo": "Saywallpaper",
        "rev": "483ddcdbd87f70491e5998d23c66852480df07c8",
        "type": "github"
      },
      "original": {
        "owner": "saygo-png",
        "repo": "Saywallpaper",
        "type": "github"
      }
    },
    "saywayland": {
      "inputs": {
        "niceHaskell": [
          "saywallpaper",
          "niceHaskell"
        ],
        "nixpkgs": [
          "saywallpaper",
          "nixpkgs"
        ],
        "systems": [
          "saywallpaper",
          "systems"
        ],
        "treefmt-nix": [
          "saywallpaper",
          "treefmt-nix"
        ]
      },
      "locked": {
        "lastModified": 1788213613,
        "narHash": "sha256-WuqIo0aQftLfM7YyHagOcngboSjSGDOYatvUKcNL9KU=",
        "owner": "saygo-png",
        "repo": "saywayland",
        "rev": "5f92b451c51ed856c4724a6425ed9a5afa036751",
        "type": "github"
      },
      "original": {
        "owner": "saygo-png",
        "repo": "saywayland",
        "type": "github"
      }
    },
    "stylix": {
      "inputs": {
        "base16": "base16",
        "base16-fish": [],
        "base16-helix": [],
        "base16-vim": [],
        "firefox-gnome-theme": [],
        "flake-parts": "flake-parts_2",
        "gnome-shell": "gnome-shell",
        "nixpkgs": [
          "nixpkgs"
        ],
        "nur": [],
        "systems": [
          "systems"
        ],
        "tinted-kitty": [],
        "tinted-schemes": [],
        "tinted-tmux": [],
        "tinted-zed": []
      },
      "locked": {
        "lastModified": 1789937675,
        "narHash": "sha256-/F9gQpAlPCxheQ9ht/5Fka2JEr/FfuOh9R7ySa9SAGc=",
        "owner": "danth",
        "repo": "stylix",
        "rev": "abff36bfab11cbdcd0723f41c1b0921e211be6ac",
        "type": "github"
      },
      "original": {
        "owner": "danth",
        "repo": "stylix",
        "type": "github"
      }
    },
    "systems": {
      "flake": false,
      "locked": {
        "path": "./systems.nix",
        "type": "path"
      },
      "original": {
        "path": "./systems.nix",
        "type": "path"
      },
      "parent": []
    },
    "treefmt-nix": {
      "inputs": {
        "nixpkgs": [
          "nixpkgs"
        ]
      },
      "locked": {
        "lastModified": 1786901030,
        "narHash": "sha256-WSFCsDSE5ffgD2MqzkM2CYjeFiKhRF/dJUN8uedb6YE=",
        "owner": "numtide",
        "repo": "treefmt-nix",
        "rev": "27b3b12a8e6375f28ebe122f07d230ca5459bbfa",
        "type": "github"
      },
      "original": {
        "owner": "numtide",
        "repo": "treefmt-nix",
        "type": "github"
      }
    },
    "zlequalizer": {
      "inputs": {
        "nixpkgs": [
          "nixpkgs"
        ]
      },
      "locked": {
        "lastModified": 1789877047,
        "narHash": "sha256-zcwRLQ+Hmg9EiEYeiGzk7Gv5A1tAeHG1LprpdfMEXJY=",
        "owner": "saygo-png",
        "repo": "ZLEqualizer-nix",
        "rev": "14d86ef38fb82e78988f748d08ebe00b86768c19",
        "type": "github"
      },
      "original": {
        "owner": "saygo-png",
        "repo": "ZLEqualizer-nix",
        "type": "github"
      }
    }
  },
  "root": "root",
  "version": 7
}
