{
  "nodes": {
    "base16": {
      "inputs": {
        "fromYaml": "fromYaml"
      },
      "locked": {
        "lastModified": 1755819240,
        "narHash": "sha256-qcMhnL7aGAuFuutH4rq9fvAhCpJWVHLcHVZLtPctPlo=",
        "owner": "SenchoPens",
        "repo": "base16.nix",
        "rev": "75ed5e5e3fce37df22e49125181fa37899c3ccd6",
        "type": "github"
      },
      "original": {
        "owner": "SenchoPens",
        "repo": "base16.nix",
        "type": "github"
      }
    },
    "cookiecutter-templates": {
      "flake": false,
      "locked": {
        "lastModified": 1753523623,
        "narHash": "sha256-uW3Zjx+bdp9NqIXsooZWWoNfCR5JcsjOX5oFoPxR0PU=",
        "owner": "saygo-png",
        "repo": "cookiecutter-templates",
        "rev": "245f601a8e49f3c882f572371feebeb7406f40ad",
        "type": "github"
      },
      "original": {
        "owner": "saygo-png",
        "repo": "cookiecutter-templates",
        "type": "github"
      }
    },
    "disko": {
      "inputs": {
        "nixpkgs": [
          "nixpkgs"
        ]
      },
      "locked": {
        "lastModified": 1765326679,
        "narHash": "sha256-fTLX9kDwLr9Y0rH/nG+h1XG5UU+jBcy0PFYn5eneRX8=",
        "owner": "nix-community",
        "repo": "disko",
        "rev": "d64e5cdca35b5fad7c504f615357a7afe6d9c49e",
        "type": "github"
      },
      "original": {
        "owner": "nix-community",
        "repo": "disko",
        "type": "github"
      }
    },
    "drugtracker2": {
      "inputs": {
        "niceHaskell": "niceHaskell",
        "nixpkgs": [
          "nixpkgs"
        ],
        "systems": [
          "systems"
        ],
        "treefmt-nix": [
          "treefmt-nix"
        ]
      },
      "locked": {
        "lastModified": 1765509810,
        "narHash": "sha256-4wtnlrWVP69P4CK5itYRo4w1m1u8OVjqbdD6YseaDoU=",
        "owner": "saygo-png",
        "repo": "drugTracker2",
        "rev": "475dd3ae8ae0de822f969dd770471e4cced32af9",
        "type": "github"
      },
      "original": {
        "owner": "saygo-png",
        "repo": "drugTracker2",
        "type": "github"
      }
    },
    "extras-nixos": {
      "flake": false,
      "locked": {
        "lastModified": 1756810931,
        "narHash": "sha256-0N+7I0VgwC14fu2KuDZCBVw0copCpS7JtabJ90/yLfM=",
        "owner": "saygo-png",
        "repo": "extrasNixos",
        "rev": "9d133a90e530ab0a5b50ccdbb067924f3aa72a1a",
        "type": "github"
      },
      "original": {
        "owner": "saygo-png",
        "repo": "extrasNixos",
        "type": "github"
      }
    },
    "firefox-addons": {
      "inputs": {
        "nixpkgs": [
          "nixpkgs"
        ]
      },
      "locked": {
        "dir": "pkgs/firefox-addons",
        "lastModified": 1765489453,
        "narHash": "sha256-wLSrwiYr7ck5jN56lJp8YzWuLk5dpRd1v+8Ta7ru608=",
        "owner": "rycee",
        "repo": "nur-expressions",
        "rev": "c3e6306094f23d57c40f7fba007303fba4db0ba9",
        "type": "gitlab"
      },
      "original": {
        "dir": "pkgs/firefox-addons",
        "owner": "rycee",
        "repo": "nur-expressions",
        "type": "gitlab"
      }
    },
    "firefox-onebar": {
      "flake": false,
      "locked": {
        "lastModified": 1743642335,
        "narHash": "sha256-Bf8GpH0kGzPibOEg8550y/JPWxQpGA5y00pyX98CKmE=",
        "ref": "refs/heads/waf",
        "rev": "78789cadd56cdf0d273ace47e3ac8b6f7db94eef",
        "revCount": 63,
        "type": "git",
        "url": "https://git.gay/freeplay/Firefox-Onebar.git"
      },
      "original": {
        "type": "git",
        "url": "https://git.gay/freeplay/Firefox-Onebar.git"
      }
    },
    "flake-compat": {
      "flake": false,
      "locked": {
        "lastModified": 1747046372,
        "narHash": "sha256-CIVLLkVgvHYbgI2UpXvIIBJ12HWgX+fjA8Xf8PUmqCY=",
        "owner": "edolstra",
        "repo": "flake-compat",
        "rev": "9100a0f413b0c601e0533d1d94ffd501ce2e7885",
        "type": "github"
      },
      "original": {
        "owner": "edolstra",
        "repo": "flake-compat",
        "type": "github"
      }
    },
    "flake-parts": {
      "inputs": {
        "nixpkgs-lib": [
          "my-neovim",
          "nixvim",
          "nixpkgs"
        ]
      },
      "locked": {
        "lastModified": 1763759067,
        "narHash": "sha256-LlLt2Jo/gMNYAwOgdRQBrsRoOz7BPRkzvNaI/fzXi2Q=",
        "owner": "hercules-ci",
        "repo": "flake-parts",
        "rev": "2cccadc7357c0ba201788ae99c4dfa90728ef5e0",
        "type": "github"
      },
      "original": {
        "owner": "hercules-ci",
        "repo": "flake-parts",
        "type": "github"
      }
    },
    "flake-parts_2": {
      "inputs": {
        "nixpkgs-lib": [
          "stylix",
          "nixpkgs"
        ]
      },
      "locked": {
        "lastModified": 1763759067,
        "narHash": "sha256-LlLt2Jo/gMNYAwOgdRQBrsRoOz7BPRkzvNaI/fzXi2Q=",
        "owner": "hercules-ci",
        "repo": "flake-parts",
        "rev": "2cccadc7357c0ba201788ae99c4dfa90728ef5e0",
        "type": "github"
      },
      "original": {
        "owner": "hercules-ci",
        "repo": "flake-parts",
        "type": "github"
      }
    },
    "flake-utils": {
      "inputs": {
        "systems": "systems"
      },
      "locked": {
        "lastModified": 1731533236,
        "narHash": "sha256-l0KFg5HjrsfsO/JpG+r7fRrqm12kzFHyUHqHCVpMMbI=",
        "owner": "numtide",
        "repo": "flake-utils",
        "rev": "11707dc2f618dd54ca8739b309ec4fc024de578b",
        "type": "github"
      },
      "original": {
        "id": "flake-utils",
        "type": "indirect"
      }
    },
    "format-udf": {
      "flake": false,
      "locked": {
        "lastModified": 1697473321,
        "narHash": "sha256-fmr9wYfh9keNk57kM+zt1JFuEeFocBIl30ccV0x27CE=",
        "owner": "JElchison",
        "repo": "format-udf",
        "rev": "a7b6067126d7e22fb179a50424cc904461da53bb",
        "type": "github"
      },
      "original": {
        "owner": "JElchison",
        "repo": "format-udf",
        "type": "github"
      }
    },
    "fromYaml": {
      "flake": false,
      "locked": {
        "lastModified": 1731966426,
        "narHash": "sha256-lq95WydhbUTWig/JpqiB7oViTcHFP8Lv41IGtayokA8=",
        "owner": "SenchoPens",
        "repo": "fromYaml",
        "rev": "106af9e2f715e2d828df706c386a685698f3223b",
        "type": "github"
      },
      "original": {
        "owner": "SenchoPens",
        "repo": "fromYaml",
        "type": "github"
      }
    },
    "git-hooks": {
      "inputs": {
        "flake-compat": "flake-compat",
        "gitignore": "gitignore",
        "nixpkgs": [
          "nom",
          "nixpkgs"
        ]
      },
      "locked": {
        "lastModified": 1763069267,
        "narHash": "sha256-UPjIZIfh0DCVeGwjGgdRF803ELzYQr02qpWmO3wi0Ds=",
        "owner": "cachix",
        "repo": "git-hooks.nix",
        "rev": "31792452cf92d204ea0df8e3fddc018235c4cf1b",
        "type": "github"
      },
      "original": {
        "owner": "cachix",
        "repo": "git-hooks.nix",
        "rev": "31792452cf92d204ea0df8e3fddc018235c4cf1b",
        "type": "github"
      }
    },
    "gitignore": {
      "inputs": {
        "nixpkgs": [
          "nom",
          "git-hooks",
          "nixpkgs"
        ]
      },
      "locked": {
        "lastModified": 1709087332,
        "narHash": "sha256-HG2cCnktfHsKV0s4XW83gU3F57gaTljL9KNSuG6bnQs=",
        "owner": "hercules-ci",
        "repo": "gitignore.nix",
        "rev": "637db329424fd7e46cf4185293b9cc8c88c95394",
        "type": "github"
      },
      "original": {
        "owner": "hercules-ci",
        "repo": "gitignore.nix",
        "type": "github"
      }
    },
    "gnome-shell": {
      "flake": false,
      "locked": {
        "host": "gitlab.gnome.org",
        "lastModified": 1764524476,
        "narHash": "sha256-bTmNn3Q4tMQ0J/P0O5BfTQwqEnCiQIzOGef9/aqAZvk=",
        "owner": "GNOME",
        "repo": "gnome-shell",
        "rev": "c0e1ad9f0f703fd0519033b8f46c3267aab51a22",
        "type": "gitlab"
      },
      "original": {
        "host": "gitlab.gnome.org",
        "owner": "GNOME",
        "ref": "gnome-49",
        "repo": "gnome-shell",
        "type": "gitlab"
      }
    },
    "gruvbox-kvantum": {
      "flake": false,
      "locked": {
        "lastModified": 1696096968,
        "narHash": "sha256-u2J4Zf9HuMjNCt3qVpgEffkytl/t277FzOvWL8Nm8os=",
        "owner": "sachnr",
        "repo": "gruvbox-kvantum-themes",
        "rev": "f47670be407c1f07c64890ad53884ee9977a7db1",
        "type": "github"
      },
      "original": {
        "owner": "sachnr",
        "repo": "gruvbox-kvantum-themes",
        "type": "github"
      }
    },
    "gruvbox-vesktop": {
      "flake": false,
      "locked": {
        "lastModified": 1757494274,
        "narHash": "sha256-tAUpnkUHtSxJ0ul+6gEUaeeVeC6RB9i2wGgTnDLi5tQ=",
        "owner": "shvedes",
        "repo": "discord-gruvbox",
        "rev": "6b07a0a8fd07bc1cbb3ae0ed8fb93e31c0759869",
        "type": "github"
      },
      "original": {
        "owner": "shvedes",
        "repo": "discord-gruvbox",
        "type": "github"
      }
    },
    "home-manager": {
      "inputs": {
        "nixpkgs": [
          "nixpkgs"
        ]
      },
      "locked": {
        "lastModified": 1765480374,
        "narHash": "sha256-HlbvQAqLx7WqZFFQZ8nu5UUJAVlXiV/kqKbyueA8srw=",
        "owner": "nix-community",
        "repo": "home-manager",
        "rev": "39cb677ed9e908e90478aa9fe5f3383dfc1a63f3",
        "type": "github"
      },
      "original": {
        "owner": "nix-community",
        "repo": "home-manager",
        "type": "github"
      }
    },
    "impermanence": {
      "locked": {
        "lastModified": 1737831083,
        "narHash": "sha256-LJggUHbpyeDvNagTUrdhe/pRVp4pnS6wVKALS782gRI=",
        "owner": "nix-community",
        "repo": "impermanence",
        "rev": "4b3e914cdf97a5b536a889e939fb2fd2b043a170",
        "type": "github"
      },
      "original": {
        "owner": "nix-community",
        "repo": "impermanence",
        "type": "github"
      }
    },
    "my-neovim": {
      "inputs": {
        "nixvim": "nixvim",
        "nvim-plugin-telescope-git-file-history": "nvim-plugin-telescope-git-file-history",
        "systems": [
          "systems"
        ],
        "treefmt-nix": [
          "treefmt-nix"
        ]
      },
      "locked": {
        "lastModified": 1764967386,
        "narHash": "sha256-6HvtQiYAss2bjZOPurSKeitEyplaoT4qE2TpIKMLB4o=",
        "owner": "saygo-png",
        "repo": "neovim-config",
        "rev": "8c0055873cd6c0cdf3fd4fab50efcdbf2b04279f",
        "type": "github"
      },
      "original": {
        "owner": "saygo-png",
        "repo": "neovim-config",
        "type": "github"
      }
    },
    "niceHaskell": {
      "inputs": {
        "nixpkgs": [
          "drugtracker2",
          "nixpkgs"
        ],
        "systems": [
          "drugtracker2",
          "systems"
        ],
        "treefmt-nix": [
          "drugtracker2",
          "treefmt-nix"
        ]
      },
      "locked": {
        "lastModified": 1765413805,
        "narHash": "sha256-093PAoUCiKySMWGiQrN8UOYgcF71sVkiYquHMMAXZng=",
        "owner": "saygo-png",
        "repo": "nice-nixpkgs-haskell",
        "rev": "9866b9f5b6670d433594d5a2cd15a89dd463f512",
        "type": "github"
      },
      "original": {
        "owner": "saygo-png",
        "repo": "nice-nixpkgs-haskell",
        "type": "github"
      }
    },
    "nix-index-database": {
      "inputs": {
        "nixpkgs": [
          "nixpkgs"
        ]
      },
      "locked": {
        "lastModified": 1765267181,
        "narHash": "sha256-d3NBA9zEtBu2JFMnTBqWj7Tmi7R5OikoU2ycrdhQEws=",
        "owner": "nix-community",
        "repo": "nix-index-database",
        "rev": "82befcf7dc77c909b0f2a09f5da910ec95c5b78f",
        "type": "github"
      },
      "original": {
        "owner": "nix-community",
        "repo": "nix-index-database",
        "type": "github"
      }
    },
    "nixos-hardware": {
      "locked": {
        "lastModified": 1764440730,
        "narHash": "sha256-ZlJTNLUKQRANlLDomuRWLBCH5792x+6XUJ4YdFRjtO4=",
        "owner": "nixos",
        "repo": "nixos-hardware",
        "rev": "9154f4569b6cdfd3c595851a6ba51bfaa472d9f3",
        "type": "github"
      },
      "original": {
        "owner": "nixos",
        "repo": "nixos-hardware",
        "type": "github"
      }
    },
    "nixpkgs": {
      "locked": {
        "lastModified": 1764856222,
        "narHash": "sha256-yEJmtoFu4cJre1NuU4fb8q57Oux+NTbocnALtJ64aEI=",
        "owner": "NixOS",
        "repo": "nixpkgs",
        "rev": "ece6e266caf1effab32eceef0403b797b4330373",
        "type": "github"
      },
      "original": {
        "owner": "NixOS",
        "ref": "nixpkgs-unstable",
        "repo": "nixpkgs",
        "type": "github"
      }
    },
    "nixpkgs-unstable-frozen": {
      "locked": {
        "lastModified": 1763678758,
        "narHash": "sha256-+hBiJ+kG5IoffUOdlANKFflTT5nO3FrrR2CA3178Y5s=",
        "owner": "nixos",
        "repo": "nixpkgs",
        "rev": "117cc7f94e8072499b0a7aa4c52084fa4e11cc9b",
        "type": "github"
      },
      "original": {
        "owner": "nixos",
        "repo": "nixpkgs",
        "rev": "117cc7f94e8072499b0a7aa4c52084fa4e11cc9b",
        "type": "github"
      }
    },
    "nixpkgs_2": {
      "locked": {
        "lastModified": 1765186076,
        "narHash": "sha256-hM20uyap1a0M9d344I692r+ik4gTMyj60cQWO+hAYP8=",
        "owner": "nixos",
        "repo": "nixpkgs",
        "rev": "addf7cf5f383a3101ecfba091b98d0a1263dc9b8",
        "type": "github"
      },
      "original": {
        "owner": "nixos",
        "ref": "nixos-unstable",
        "repo": "nixpkgs",
        "type": "github"
      }
    },
    "nixpkgs_3": {
      "locked": {
        "lastModified": 1762977756,
        "narHash": "sha256-4PqRErxfe+2toFJFgcRKZ0UI9NSIOJa+7RXVtBhy4KE=",
        "owner": "NixOS",
        "repo": "nixpkgs",
        "rev": "c5ae371f1a6a7fd27823bc500d9390b38c05fa55",
        "type": "github"
      },
      "original": {
        "id": "nixpkgs",
        "ref": "nixos-unstable",
        "type": "indirect"
      }
    },
    "nixvim": {
      "inputs": {
        "flake-parts": "flake-parts",
        "nixpkgs": "nixpkgs",
        "systems": [
          "my-neovim",
          "systems"
        ]
      },
      "locked": {
        "lastModified": 1764942275,
        "narHash": "sha256-ilPl/NCTxabL4kL+hpK6slcTdrqfr0KfyFrRjQt+sps=",
        "owner": "nix-community",
        "repo": "nixvim",
        "rev": "812d7e639d0be7b0ed5aa50990ce0028a43215c8",
        "type": "github"
      },
      "original": {
        "owner": "nix-community",
        "repo": "nixvim",
        "type": "github"
      }
    },
    "nom": {
      "inputs": {
        "flake-utils": "flake-utils",
        "git-hooks": "git-hooks",
        "nixpkgs": "nixpkgs_3"
      },
      "locked": {
        "lastModified": 1764746596,
        "narHash": "sha256-KGWog/FvmjnsjExEKPxhyq4ppHAKFBIb7K7FzI9i81M=",
        "ref": "optparse-2",
        "rev": "3ff96a13c58462222e5a65fe407e056516b5b1b1",
        "revCount": 644,
        "type": "git",
        "url": "file:///home/samsepi0l/builds/nix-output-monitor"
      },
      "original": {
        "ref": "optparse-2",
        "type": "git",
        "url": "file:///home/samsepi0l/builds/nix-output-monitor"
      }
    },
    "nvim-plugin-telescope-git-file-history": {
      "flake": false,
      "locked": {
        "lastModified": 1748378554,
        "narHash": "sha256-wQJqKBBcJl9JAvyN+jxTbLUdqnd4j1wzZaxmmbontok=",
        "owner": "isak102",
        "repo": "telescope-git-file-history.nvim",
        "rev": "e7d495319f2a04df96402057a6992ea970f8914d",
        "type": "github"
      },
      "original": {
        "owner": "isak102",
        "repo": "telescope-git-file-history.nvim",
        "type": "github"
      }
    },
    "powerlevel10k": {
      "flake": false,
      "locked": {
        "lastModified": 1745931653,
        "narHash": "sha256-BRJyGn+gTGUWifpJ1ziBKVHACcWw+R5N/HdUi8HzSvY=",
        "owner": "romkatv",
        "repo": "powerlevel10k",
        "rev": "36f3045d69d1ba402db09d09eb12b42eebe0fa3b",
        "type": "github"
      },
      "original": {
        "owner": "romkatv",
        "repo": "powerlevel10k",
        "type": "github"
      }
    },
    "root": {
      "inputs": {
        "cookiecutter-templates": "cookiecutter-templates",
        "disko": "disko",
        "drugtracker2": "drugtracker2",
        "extras-nixos": "extras-nixos",
        "firefox-addons": "firefox-addons",
        "firefox-onebar": "firefox-onebar",
        "format-udf": "format-udf",
        "gruvbox-kvantum": "gruvbox-kvantum",
        "gruvbox-vesktop": "gruvbox-vesktop",
        "home-manager": "home-manager",
        "impermanence": "impermanence",
        "my-neovim": "my-neovim",
        "nix-index-database": "nix-index-database",
        "nixos-hardware": "nixos-hardware",
        "nixpkgs": "nixpkgs_2",
        "nixpkgs-unstable-frozen": "nixpkgs-unstable-frozen",
        "nom": "nom",
        "powerlevel10k": "powerlevel10k",
        "stylix": "stylix",
        "systems": "systems_2",
        "treefmt-nix": "treefmt-nix",
        "vmrss": "vmrss",
        "zlequalizer": "zlequalizer",
        "zsh-auto-notify": "zsh-auto-notify",
        "zsh-autosuggestions": "zsh-autosuggestions",
        "zsh-system-clipboard": "zsh-system-clipboard"
      }
    },
    "stylix": {
      "inputs": {
        "base16": "base16",
        "base16-fish": [],
        "base16-helix": [],
        "base16-vim": [],
        "firefox-gnome-theme": [],
        "flake-parts": "flake-parts_2",
        "gnome-shell": "gnome-shell",
        "nixpkgs": [
          "nixpkgs"
        ],
        "nur": [],
        "systems": [
          "systems"
        ],
        "tinted-foot": [],
        "tinted-kitty": [],
        "tinted-schemes": [],
        "tinted-tmux": [],
        "tinted-zed": []
      },
      "locked": {
        "lastModified": 1765474444,
        "narHash": "sha256-sDG+c73xEnIw1pFNRWffKDnTWiTuyZiEP+Iub0D3mWA=",
        "owner": "danth",
        "repo": "stylix",
        "rev": "dd14de4432a94e93e10d0159f1d411487e435e1e",
        "type": "github"
      },
      "original": {
        "owner": "danth",
        "repo": "stylix",
        "type": "github"
      }
    },
    "systems": {
      "locked": {
        "lastModified": 1681028828,
        "narHash": "sha256-Vy1rq5AaRuLzOxct8nz4T6wlgyUR7zLU309k9mBC768=",
        "owner": "nix-systems",
        "repo": "default",
        "rev": "da67096a3b9bf56a91d16901293e51ba5b49a27e",
        "type": "github"
      },
      "original": {
        "owner": "nix-systems",
        "repo": "default",
        "type": "github"
      }
    },
    "systems_2": {
      "flake": false,
      "locked": {
        "path": "./systems.nix",
        "type": "path"
      },
      "original": {
        "path": "./systems.nix",
        "type": "path"
      },
      "parent": []
    },
    "treefmt-nix": {
      "inputs": {
        "nixpkgs": [
          "nixpkgs"
        ]
      },
      "locked": {
        "lastModified": 1762938485,
        "narHash": "sha256-AlEObg0syDl+Spi4LsZIBrjw+snSVU4T8MOeuZJUJjM=",
        "owner": "numtide",
        "repo": "treefmt-nix",
        "rev": "5b4ee75aeefd1e2d5a1cc43cf6ba65eba75e83e4",
        "type": "github"
      },
      "original": {
        "owner": "numtide",
        "repo": "treefmt-nix",
        "type": "github"
      }
    },
    "vmrss": {
      "flake": false,
      "locked": {
        "lastModified": 1702010674,
        "narHash": "sha256-trJbiyixZrbDHUCXCsxcywcgKnf8/WLM0EvLHFXDAZ8=",
        "owner": "ThePrimeagen",
        "repo": "vmrss",
        "rev": "7eac021c8e12fa7e53af7f2e2e02e47b2cb38211",
        "type": "github"
      },
      "original": {
        "owner": "ThePrimeagen",
        "repo": "vmrss",
        "type": "github"
      }
    },
    "zlequalizer": {
      "inputs": {
        "nixpkgs": [
          "nixpkgs"
        ]
      },
      "locked": {
        "lastModified": 1765069569,
        "narHash": "sha256-92to2qKy96iaZH63xou8d8yFWVdMy1csp4O0BfXFtfM=",
        "owner": "saygo-png",
        "repo": "ZLEqualizer-nix",
        "rev": "a0d0bb5c09d048c5b813d8203070b4239a3a53dc",
        "type": "github"
      },
      "original": {
        "owner": "saygo-png",
        "repo": "ZLEqualizer-nix",
        "type": "github"
      }
    },
    "zsh-auto-notify": {
      "flake": false,
      "locked": {
        "lastModified": 1750669386,
        "narHash": "sha256-s3TBAsXOpmiXMAQkbaS5de0t0hNC1EzUUb0ZG+p9keE=",
        "owner": "MichaelAquilina",
        "repo": "zsh-auto-notify",
        "rev": "b51c934d88868e56c1d55d0a2a36d559f21cb2ee",
        "type": "github"
      },
      "original": {
        "owner": "MichaelAquilina",
        "repo": "zsh-auto-notify",
        "type": "github"
      }
    },
    "zsh-autosuggestions": {
      "flake": false,
      "locked": {
        "lastModified": 1750781703,
        "narHash": "sha256-KmkXgK1J6iAyb1FtF/gOa0adUnh1pgFsgQOUnNngBaE=",
        "owner": "zsh-users",
        "repo": "zsh-autosuggestions",
        "rev": "85919cd1ffa7d2d5412f6d3fe437ebdbeeec4fc5",
        "type": "github"
      },
      "original": {
        "owner": "zsh-users",
        "repo": "zsh-autosuggestions",
        "type": "github"
      }
    },
    "zsh-system-clipboard": {
      "flake": false,
      "locked": {
        "lastModified": 1758984882,
        "narHash": "sha256-dnWQEWa/Cxwopgj2teCpWhqX4Imx1PB7fHAa8djg8P4=",
        "owner": "kutsan",
        "repo": "zsh-system-clipboard",
        "rev": "5f1d497ee3c215a967c0e6b9a772e73c40332d52",
        "type": "github"
      },
      "original": {
        "owner": "kutsan",
        "repo": "zsh-system-clipboard",
        "type": "github"
      }
    }
  },
  "root": "root",
  "version": 7
}
